{
  "name": "node-js-hw",
  "version": "1.0.0",
  "lockfileVersion": 3,
  "requires": true,
  "packages": {
    "": {
      "name": "node-js-hw",
      "version": "1.0.0",
      "license": "ISC",
      "devDependencies": {
        "@aneojkeee/ajs": "^1.0.0"
      }
    },
    "node_modules/@aneojkeee/ajs": {
      "version": "1.0.0",
      "resolved": "https://npm.pkg.github.com/download/@aneojkeee/ajs/1.0.0/e3ebe276331a9b3680be96857e2770d1bcf8ad57",
      "integrity": "sha512-nwUeOrvj3mT/OKdPf36lOVMZZFsK4EtZEb3LXpyo69MF3kK+WY2Z7plZt5mEgl8HwGtbnvye9ZShMU/8cw5lXQ==",
      "dev": true,
      "license": "ISC"
    }
  }
}
